
Microsoft Visual Studio Solution File, Format Version 12.00
# Visual Studio 15
VisualStudioVersion = 15.0.28010.2026
MinimumVisualStudioVersion = 10.0.40219.1
Project("{FAE04EC0-301F-11D3-BF4B-00C04F79EFBC}") = "ProgrammingQuestions", "ProgrammingQuestions\ProgrammingQuestions.csproj", "{C60D0AD4-C24F-4830-855C-9111D58F74E3}"
EndProject
Project("{FAE04EC0-301F-11D3-BF4B-00C04F79EFBC}") = "ProgrammingQuestions.Tests", "ProgrammingQuestions.Tests\ProgrammingQuestions.Tests.csproj", "{EC73738F-F24F-413C-8355-0D56AA694EA0}"
EndProject
Global
	GlobalSection(SolutionConfigurationPlatforms) = preSolution
		Debug|Any CPU = Debug|Any CPU
		Release|Any CPU = Release|Any CPU
	EndGlobalSection
	GlobalSection(ProjectConfigurationPlatforms) = postSolution
		{C60D0AD4-C24F-4830-855C-9111D58F74E3}.Debug|Any CPU.ActiveCfg = Debug|Any CPU
		{C60D0AD4-C24F-4830-855C-9111D58F74E3}.Debug|Any CPU.Build.0 = Debug|Any CPU
		{C60D0AD4-C24F-4830-855C-9111D58F74E3}.Release|Any CPU.ActiveCfg = Release|Any CPU
		{C60D0AD4-C24F-4830-855C-9111D58F74E3}.Release|Any CPU.Build.0 = Release|Any CPU
		{EC73738F-F24F-413C-8355-0D56AA694EA0}.Debug|Any CPU.ActiveCfg = Debug|Any CPU
		{EC73738F-F24F-413C-8355-0D56AA694EA0}.Debug|Any CPU.Build.0 = Debug|Any CPU
		{EC73738F-F24F-413C-8355-0D56AA694EA0}.Release|Any CPU.ActiveCfg = Release|Any CPU
		{EC73738F-F24F-413C-8355-0D56AA694EA0}.Release|Any CPU.Build.0 = Release|Any CPU
	EndGlobalSection
	GlobalSection(SolutionProperties) = preSolution
		HideSolutionNode = FALSE
	EndGlobalSection
	GlobalSection(ExtensibilityGlobals) = postSolution
		SolutionGuid = {DA5B0455-C283-4F8D-8561-F3032BBE92F0}
	EndGlobalSection
EndGlobal
